
Microsoft Visual Studio Solution File, Format Version 12.00
# Visual Studio 2012
Project("{FAE04EC0-301F-11D3-BF4B-00C04F79EFBC}") = "WeiboSDK.Droid", "WeiboSDK.Droid\WeiboSDK.Droid.csproj", "{20B0E19B-781B-4C65-9D7A-79CAAC1B6226}"
EndProject
Global
	GlobalSection(SolutionConfigurationPlatforms) = preSolution
		Debug|Any CPU = Debug|Any CPU
		Release|Any CPU = Release|Any CPU
	EndGlobalSection
	GlobalSection(ProjectConfigurationPlatforms) = postSolution
		{20B0E19B-781B-4C65-9D7A-79CAAC1B6226}.Debug|Any CPU.ActiveCfg = Debug|Any CPU
		{20B0E19B-781B-4C65-9D7A-79CAAC1B6226}.Debug|Any CPU.Build.0 = Debug|Any CPU
		{20B0E19B-781B-4C65-9D7A-79CAAC1B6226}.Release|Any CPU.ActiveCfg = Release|Any CPU
		{20B0E19B-781B-4C65-9D7A-79CAAC1B6226}.Release|Any CPU.Build.0 = Release|Any CPU
	EndGlobalSection
EndGlobal
